{
  "requires": true,
  "lockfileVersion": 1,
  "dependencies": {
    "jweixin-module": {
      "version": "1.6.0",
      "resolved": "https://registry.npm.taobao.org/jweixin-module/download/jweixin-module-1.6.0.tgz",
      "integrity": "sha1-Sn6mFAg+PJw/SeL9wruILPpY380="
    },
    "vue-count-to": {
      "version": "1.0.13",
      "resolved": "https://registry.npm.taobao.org/vue-count-to/download/vue-count-to-1.0.13.tgz",
      "integrity": "sha1-PnVz6m5kwrKXL2TgoqsuI8dZD/M="
    }
  }
}
